Microsoft Visual Studio Solution File, Format Version 12.00
# Visual Studio Version 17
VisualStudioVersion = 17.8.0.0
MinimumVisualStudioVersion = 17.8.0.0
Project("{9A19103F-16F7-4668-BE54-9A1E7A4F7556}") = "PaymentGateway.AppHost", "src\PaymentGateway.AppHost\PaymentGateway.AppHost.csproj", "{2571F008-7320-4892-9C1D-B25E2E056568}"
EndProject
Project("{9A19103F-16F7-4668-BE54-9A1E7A4F7556}") = "PaymentGateway.ServiceDefaults", "src\PaymentGateway.ServiceDefaults\PaymentGateway.ServiceDefaults.csproj", "{193BB059-3003-4E2E-838A-5396E04405B4}"
EndProject
Project("{9A19103F-16F7-4668-BE54-9A1E7A4F7556}") = "PaymentGateway.Web", "src\PaymentGateway.Web\PaymentGateway.Web.csproj", "{EBCEF9AD-B040-4225-9683-C5BC217E0FAF}"
EndProject
Global
	GlobalSection(SolutionConfigurationPlatforms) = preSolution
		Debug|Any CPU = Debug|Any CPU
		Release|Any CPU = Release|Any CPU
	EndGlobalSection
	GlobalSection(ProjectConfigurationPlatforms) = postSolution
		{2571F008-7320-4892-9C1D-B25E2E056568}.Debug|Any CPU.ActiveCfg = Debug|Any CPU
		{2571F008-7320-4892-9C1D-B25E2E056568}.Debug|Any CPU.Build.0 = Debug|Any CPU
		{2571F008-7320-4892-9C1D-B25E2E056568}.Release|Any CPU.ActiveCfg = Release|Any CPU
		{2571F008-7320-4892-9C1D-B25E2E056568}.Release|Any CPU.Build.0 = Release|Any CPU
		{193BB059-3003-4E2E-838A-5396E04405B4}.Debug|Any CPU.ActiveCfg = Debug|Any CPU
		{193BB059-3003-4E2E-838A-5396E04405B4}.Debug|Any CPU.Build.0 = Debug|Any CPU
		{193BB059-3003-4E2E-838A-5396E04405B4}.Release|Any CPU.ActiveCfg = Release|Any CPU
		{193BB059-3003-4E2E-838A-5396E04405B4}.Release|Any CPU.Build.0 = Release|Any CPU
		{EBCEF9AD-B040-4225-9683-C5BC217E0FAF}.Debug|Any CPU.ActiveCfg = Debug|Any CPU
		{EBCEF9AD-B040-4225-9683-C5BC217E0FAF}.Debug|Any CPU.Build.0 = Debug|Any CPU
		{EBCEF9AD-B040-4225-9683-C5BC217E0FAF}.Release|Any CPU.ActiveCfg = Release|Any CPU
		{EBCEF9AD-B040-4225-9683-C5BC217E0FAF}.Release|Any CPU.Build.0 = Release|Any CPU
	EndGlobalSection
	GlobalSection(SolutionProperties) = preSolution
		HideSolutionNode = FALSE
	EndGlobalSection
	GlobalSection(ExtensibilityGlobals) = postSolution
		SolutionGuid = {68C896AD-1BEF-4E46-B454-0009E50BF6B1}
	EndGlobalSection
EndGlobal
