Microsoft Visual Studio Solution File, Format Version 12.00
# Visual Studio Version 17
VisualStudioVersion = 17.8.0.0
MinimumVisualStudioVersion = 17.8.0.0
Project("{9A19103F-16F7-4668-BE54-9A1E7A4F7556}") = "PaymentGateway.AppHost", "src\PaymentGateway.AppHost\PaymentGateway.AppHost.csproj", "{2571F008-7320-4892-9C1D-B25E2E056568}"
EndProject
Project("{9A19103F-16F7-4668-BE54-9A1E7A4F7556}") = "PaymentGateway.ServiceDefaults", "src\PaymentGateway.ServiceDefaults\PaymentGateway.ServiceDefaults.csproj", "{193BB059-3003-4E2E-838A-5396E04405B4}"
EndProject
Project("{9A19103F-16F7-4668-BE54-9A1E7A4F7556}") = "PaymentGateway.Web", "src\PaymentGateway.Web\PaymentGateway.Web.csproj", "{EBCEF9AD-B040-4225-9683-C5BC217E0FAF}"
EndProject
Project("{FAE04EC0-301F-11D3-BF4B-00C04F79EFBC}") = "PaymentGateway.BankIntegration", "src\PaymentGateway.BankIntegration\PaymentGateway.BankIntegration.csproj", "{58D475C5-D28F-4A75-B26B-E35F5E4D835E}"
EndProject
Project("{2150E333-8FDC-42A3-9474-1A3956D46DE8}") = "Test", "Test", "{3F19E886-5904-4B0C-AE6F-C3E53847A91C}"
EndProject
Project("{FAE04EC0-301F-11D3-BF4B-00C04F79EFBC}") = "PaymentGateway.IntegrationTests", "tests\PaymentGateway.IntegrationTests\PaymentGateway.IntegrationTests.csproj", "{53F988F7-05F8-4984-A33C-2B426302AFC8}"
EndProject
Project("{FAE04EC0-301F-11D3-BF4B-00C04F79EFBC}") = "PaymentGateway.Infrastructure", "src\PaymentGateway.Infrastructure\PaymentGateway.Infrastructure.csproj", "{A2C22453-01BD-4345-BBCC-6DB207A380CF}"
EndProject
Project("{FAE04EC0-301F-11D3-BF4B-00C04F79EFBC}") = "PaymentGateway.PersistantStorage", "src\PaymentGateway.PersistantStorage\PaymentGateway.PersistantStorage.csproj", "{97756CB6-FB42-4CFD-806E-71B4B991C614}"
EndProject
Project("{FAE04EC0-301F-11D3-BF4B-00C04F79EFBC}") = "PaymentGateway.Models", "src\PaymentGateway.Models\PaymentGateway.Models.csproj", "{24B86C34-3832-4CFE-B2FD-A44B62CFF515}"
EndProject
Global
	GlobalSection(SolutionConfigurationPlatforms) = preSolution
		Debug|Any CPU = Debug|Any CPU
		Release|Any CPU = Release|Any CPU
	EndGlobalSection
	GlobalSection(ProjectConfigurationPlatforms) = postSolution
		{2571F008-7320-4892-9C1D-B25E2E056568}.Debug|Any CPU.ActiveCfg = Debug|Any CPU
		{2571F008-7320-4892-9C1D-B25E2E056568}.Debug|Any CPU.Build.0 = Debug|Any CPU
		{2571F008-7320-4892-9C1D-B25E2E056568}.Release|Any CPU.ActiveCfg = Release|Any CPU
		{2571F008-7320-4892-9C1D-B25E2E056568}.Release|Any CPU.Build.0 = Release|Any CPU
		{193BB059-3003-4E2E-838A-5396E04405B4}.Debug|Any CPU.ActiveCfg = Debug|Any CPU
		{193BB059-3003-4E2E-838A-5396E04405B4}.Debug|Any CPU.Build.0 = Debug|Any CPU
		{193BB059-3003-4E2E-838A-5396E04405B4}.Release|Any CPU.ActiveCfg = Release|Any CPU
		{193BB059-3003-4E2E-838A-5396E04405B4}.Release|Any CPU.Build.0 = Release|Any CPU
		{EBCEF9AD-B040-4225-9683-C5BC217E0FAF}.Debug|Any CPU.ActiveCfg = Debug|Any CPU
		{EBCEF9AD-B040-4225-9683-C5BC217E0FAF}.Debug|Any CPU.Build.0 = Debug|Any CPU
		{EBCEF9AD-B040-4225-9683-C5BC217E0FAF}.Release|Any CPU.ActiveCfg = Release|Any CPU
		{EBCEF9AD-B040-4225-9683-C5BC217E0FAF}.Release|Any CPU.Build.0 = Release|Any CPU
		{58D475C5-D28F-4A75-B26B-E35F5E4D835E}.Debug|Any CPU.ActiveCfg = Debug|Any CPU
		{58D475C5-D28F-4A75-B26B-E35F5E4D835E}.Debug|Any CPU.Build.0 = Debug|Any CPU
		{58D475C5-D28F-4A75-B26B-E35F5E4D835E}.Release|Any CPU.ActiveCfg = Release|Any CPU
		{58D475C5-D28F-4A75-B26B-E35F5E4D835E}.Release|Any CPU.Build.0 = Release|Any CPU
		{53F988F7-05F8-4984-A33C-2B426302AFC8}.Debug|Any CPU.ActiveCfg = Debug|Any CPU
		{53F988F7-05F8-4984-A33C-2B426302AFC8}.Debug|Any CPU.Build.0 = Debug|Any CPU
		{53F988F7-05F8-4984-A33C-2B426302AFC8}.Release|Any CPU.ActiveCfg = Release|Any CPU
		{53F988F7-05F8-4984-A33C-2B426302AFC8}.Release|Any CPU.Build.0 = Release|Any CPU
		{A2C22453-01BD-4345-BBCC-6DB207A380CF}.Debug|Any CPU.ActiveCfg = Debug|Any CPU
		{A2C22453-01BD-4345-BBCC-6DB207A380CF}.Debug|Any CPU.Build.0 = Debug|Any CPU
		{A2C22453-01BD-4345-BBCC-6DB207A380CF}.Release|Any CPU.ActiveCfg = Release|Any CPU
		{A2C22453-01BD-4345-BBCC-6DB207A380CF}.Release|Any CPU.Build.0 = Release|Any CPU
		{97756CB6-FB42-4CFD-806E-71B4B991C614}.Debug|Any CPU.ActiveCfg = Debug|Any CPU
		{97756CB6-FB42-4CFD-806E-71B4B991C614}.Debug|Any CPU.Build.0 = Debug|Any CPU
		{97756CB6-FB42-4CFD-806E-71B4B991C614}.Release|Any CPU.ActiveCfg = Release|Any CPU
		{97756CB6-FB42-4CFD-806E-71B4B991C614}.Release|Any CPU.Build.0 = Release|Any CPU
		{24B86C34-3832-4CFE-B2FD-A44B62CFF515}.Debug|Any CPU.ActiveCfg = Debug|Any CPU
		{24B86C34-3832-4CFE-B2FD-A44B62CFF515}.Debug|Any CPU.Build.0 = Debug|Any CPU
		{24B86C34-3832-4CFE-B2FD-A44B62CFF515}.Release|Any CPU.ActiveCfg = Release|Any CPU
		{24B86C34-3832-4CFE-B2FD-A44B62CFF515}.Release|Any CPU.Build.0 = Release|Any CPU
	EndGlobalSection
	GlobalSection(SolutionProperties) = preSolution
		HideSolutionNode = FALSE
	EndGlobalSection
	GlobalSection(ExtensibilityGlobals) = postSolution
		SolutionGuid = {68C896AD-1BEF-4E46-B454-0009E50BF6B1}
	EndGlobalSection
	GlobalSection(NestedProjects) = preSolution
		{53F988F7-05F8-4984-A33C-2B426302AFC8} = {3F19E886-5904-4B0C-AE6F-C3E53847A91C}
	EndGlobalSection
EndGlobal
